// !$*UTF8*$!
{
	archiveVersion = 1;
	classes = {
	};
	objectVersion = 110;
	objects = {

/* Begin PBXBuildFile section */
		FEE1D7413037FBDD00A79D51 /* Tyme4Swift in Frameworks */ = {isa = PBXBuildFile; productRef = FE0A0001000000000000000A /* Tyme4Swift */; };
/* End PBXBuildFile section */

/* Begin PBXContainerItemProxy section */
		FEC578EB3035B033008DDEFA /* PBXContainerItemProxy */ = {
			isa = PBXContainerItemProxy;
			containerPortal = FEC578D53035B030008DDEFA /* Project object */;
			proxyType = 1;
			remoteGlobalIDString = FEC578DC3035B030008DDEFA;
			remoteInfo = Calenda;
		};
		FEC578F53035B033008DDEFA /* PBXContainerItemProxy */ = {
			isa = PBXContainerItemProxy;
			containerPortal = FEC578D53035B030008DDEFA /* Project object */;
			proxyType = 1;
			remoteGlobalIDString = FEC578DC3035B030008DDEFA;
			remoteInfo = Calenda;
		};
/* End PBXContainerItemProxy section */

/* Begin PBXFileReference section */
		FE0A0003000000000000000A /* DESIGN.md */ = {isa = PBXFileReference; lastKnownFileType = net.daringfireball.markdown; path = DESIGN.md; sourceTree = "<group>"; };
		FE0A0004000000000000000A /* README.md */ = {isa = PBXFileReference; lastKnownFileType = net.daringfireball.markdown; path = README.md; sourceTree = "<group>"; };
		FEC578DD3035B030008DDEFA /* Calenda.app */ = {isa = PBXFileReference; explicitFileType = wrapper.application; includeInIndex = 0; path = Calenda.app; sourceTree = BUILT_PRODUCTS_DIR; };
		FEC578EA3035B033008DDEFA /* CalendaTests.xctest */ = {isa = PBXFileReference; explicitFileType = wrapper.cfbundle; includeInIndex = 0; path = CalendaTests.xctest; sourceTree = BUILT_PRODUCTS_DIR; };
		FEC578F43035B033008DDEFA /* CalendaUITests.xctest */ = {isa = PBXFileReference; explicitFileType = wrapper.cfbundle; includeInIndex = 0; path = CalendaUITests.xctest; sourceTree = BUILT_PRODUCTS_DIR; };
/* End PBXFileReference section */

/* Begin PBXFileSystemSynchronizedRootGroup section */
		FEC578DF3035B030008DDEFA /* Calenda */ = {
			isa = PBXFileSystemSynchronizedRootGroup;
			path = Calenda;
			sourceTree = "<group>";
		};
		FEC578ED3035B033008DDEFA /* CalendaTests */ = {
			isa = PBXFileSystemSynchronizedRootGroup;
			path = CalendaTests;
			sourceTree = "<group>";
		};
		FEC578F73035B033008DDEFA /* CalendaUITests */ = {
			isa = PBXFileSystemSynchronizedRootGroup;
			path = CalendaUITests;
			sourceTree = "<group>";
		};
/* End PBXFileSystemSynchronizedRootGroup section */

/* Begin PBXFrameworksBuildPhase section */
		FEC578DA3035B030008DDEFA /* Frameworks */ = {
			isa = PBXFrameworksBuildPhase;
			files = (
				FEE1D7413037FBDD00A79D51 /* Tyme4Swift in Frameworks */,
			);
		};
		FEC578E73035B033008DDEFA /* Frameworks */ = {
			isa = PBXFrameworksBuildPhase;
			files = (
			);
		};
		FEC578F13035B033008DDEFA /* Frameworks */ = {
			isa = PBXFrameworksBuildPhase;
			files = (
			);
		};
/* End PBXFrameworksBuildPhase section */

/* Begin PBXGroup section */
		FEC578D43035B030008DDEFA = {
			isa = PBXGroup;
			children = (
				FE0A0003000000000000000A /* DESIGN.md */,
				FE0A0004000000000000000A /* README.md */,
				FEC578DF3035B030008DDEFA /* Calenda */,
				FEC578ED3035B033008DDEFA /* CalendaTests */,
				FEC578F73035B033008DDEFA /* CalendaUITests */,
				FEC578DE3035B030008DDEFA /* Products */,
			);
			sourceTree = "<group>";
		};
		FEC578DE3035B030008DDEFA /* Products */ = {
			isa = PBXGroup;
			children = (
				FEC578DD3035B030008DDEFA /* Calenda.app */,
				FEC578EA3035B033008DDEFA /* CalendaTests.xctest */,
				FEC578F43035B033008DDEFA /* CalendaUITests.xctest */,
			);
			name = Products;
			sourceTree = "<group>";
		};
/* End PBXGroup section */

/* Begin PBXNativeTarget section */
		FEC578DC3035B030008DDEFA /* Calenda */ = {
			isa = PBXNativeTarget;
			buildConfigurationList = FEC578FC3035B033008DDEFA /* Build configuration list for PBXNativeTarget "Calenda" */;
			buildPhases = (
				FEC578D93035B030008DDEFA /* Sources */,
				FEC578DA3035B030008DDEFA /* Frameworks */,
				FEC578DB3035B030008DDEFA /* Resources */,
			);
			buildRules = (
			);
			fileSystemSynchronizedGroups = (
				FEC578DF3035B030008DDEFA /* Calenda */,
			);
			name = Calenda;
			packageProductDependencies = (
				FE0A0001000000000000000A /* Tyme4Swift */,
			);
			productName = Calenda;
			productReference = FEC578DD3035B030008DDEFA /* Calenda.app */;
			productType = "com.apple.product-type.application";
		};
		FEC578E93035B033008DDEFA /* CalendaTests */ = {
			isa = PBXNativeTarget;
			buildConfigurationList = FEC578FF3035B033008DDEFA /* Build configuration list for PBXNativeTarget "CalendaTests" */;
			buildPhases = (
				FEC578E63035B033008DDEFA /* Sources */,
				FEC578E73035B033008DDEFA /* Frameworks */,
				FEC578E83035B033008DDEFA /* Resources */,
			);
			buildRules = (
			);
			dependencies = (
				FEC578EC3035B033008DDEFA /* PBXTargetDependency */,
			);
			fileSystemSynchronizedGroups = (
				FEC578ED3035B033008DDEFA /* CalendaTests */,
			);
			name = CalendaTests;
			productName = CalendaTests;
			productReference = FEC578EA3035B033008DDEFA /* CalendaTests.xctest */;
			productType = "com.apple.product-type.bundle.unit-test";
		};
		FEC578F33035B033008DDEFA /* CalendaUITests */ = {
			isa = PBXNativeTarget;
			buildConfigurationList = FEC579023035B033008DDEFA /* Build configuration list for PBXNativeTarget "CalendaUITests" */;
			buildPhases = (
				FEC578F03035B033008DDEFA /* Sources */,
				FEC578F13035B033008DDEFA /* Frameworks */,
				FEC578F23035B033008DDEFA /* Resources */,
			);
			buildRules = (
			);
			dependencies = (
				FEC578F63035B033008DDEFA /* PBXTargetDependency */,
			);
			fileSystemSynchronizedGroups = (
				FEC578F73035B033008DDEFA /* CalendaUITests */,
			);
			name = CalendaUITests;
			productName = CalendaUITests;
			productReference = FEC578F43035B033008DDEFA /* CalendaUITests.xctest */;
			productType = "com.apple.product-type.bundle.ui-testing";
		};
/* End PBXNativeTarget section */

/* Begin PBXProject section */
		FEC578D53035B030008DDEFA /* Project object */ = {
			isa = PBXProject;
			attributes = {
				BuildIndependentTargetsInParallel = 1;
				LastSwiftUpdateCheck = 2700;
				LastUpgradeCheck = 2700;
				TargetAttributes = {
					FEC578DC3035B030008DDEFA = {
						CreatedOnToolsVersion = 27.0;
					};
					FEC578E93035B033008DDEFA = {
						CreatedOnToolsVersion = 27.0;
						TestTargetID = FEC578DC3035B030008DDEFA;
					};
					FEC578F33035B033008DDEFA = {
						CreatedOnToolsVersion = 27.0;
						TestTargetID = FEC578DC3035B030008DDEFA;
					};
				};
			};
			buildConfigurationList = FEC578D83035B030008DDEFA /* Build configuration list for PBXProject "Calenda" */;
			developmentRegion = en;
			hasScannedForEncodings = 0;
			knownRegions = (
				en,
				Base,
			);
			mainGroup = FEC578D43035B030008DDEFA;
			minimizedProjectReferenceProxies = 1;
			packageReferences = (
				FE0A0002000000000000000A /* XCRemoteSwiftPackageReference "tyme4swift" */,
			);
			preferredProjectObjectVersion = 77;
			productRefGroup = FEC578DE3035B030008DDEFA /* Products */;
			projectDirPath = "";
			projectRoot = "";
			targets = (
				FEC578DC3035B030008DDEFA /* Calenda */,
				FEC578E93035B033008DDEFA /* CalendaTests */,
				FEC578F33035B033008DDEFA /* CalendaUITests */,
			);
		};
/* End PBXProject section */

/* Begin PBXResourcesBuildPhase section */
		FEC578DB3035B030008DDEFA /* Resources */ = {
			isa = PBXResourcesBuildPhase;
			files = (
			);
		};
		FEC578E83035B033008DDEFA /* Resources */ = {
			isa = PBXResourcesBuildPhase;
			files = (
			);
		};
		FEC578F23035B033008DDEFA /* Resources */ = {
			isa = PBXResourcesBuildPhase;
			files = (
			);
		};
/* End PBXResourcesBuildPhase section */

/* Begin PBXSourcesBuildPhase section */
		FEC578D93035B030008DDEFA /* Sources */ = {
			isa = PBXSourcesBuildPhase;
			files = (
			);
		};
		FEC578E63035B033008DDEFA /* Sources */ = {
			isa = PBXSourcesBuildPhase;
			files = (
			);
		};
		FEC578F03035B033008DDEFA /* Sources */ = {
			isa = PBXSourcesBuildPhase;
			files = (
			);
		};
/* End PBXSourcesBuildPhase section */

/* Begin PBXTargetDependency section */
		FEC578EC3035B033008DDEFA /* PBXTargetDependency */ = {
			isa = PBXTargetDependency;
			target = FEC578DC3035B030008DDEFA /* Calenda */;
			targetProxy = FEC578EB3035B033008DDEFA /* PBXContainerItemProxy */;
		};
		FEC578F63035B033008DDEFA /* PBXTargetDependency */ = {
			isa = PBXTargetDependency;
			target = FEC578DC3035B030008DDEFA /* Calenda */;
			targetProxy = FEC578F53035B033008DDEFA /* PBXContainerItemProxy */;
		};
/* End PBXTargetDependency section */

/* Begin XCBuildConfiguration section */
		FEC578FA3035B033008DDEFA /* Debug configuration for PBXProject "Calenda" */ = {
			isa = XCBuildConfiguration;
			buildSettings = {
				ALWAYS_SEARCH_USER_PATHS = NO;
				ASSETCATALOG_COMPILER_GENERATE_SWIFT_ASSET_SYMBOL_EXTENSIONS = YES;
				CLANG_ANALYZER_NONNULL = YES;
				CLANG_ANALYZER_NUMBER_OBJECT_CONVERSION = YES_AGGRESSIVE;
				CLANG_CXX_LANGUAGE_STANDARD = "gnu++20";
				CLANG_ENABLE_MODULES = YES;
				CLANG_ENABLE_OBJC_ARC = YES;
				CLANG_ENABLE_OBJC_WEAK = YES;
				CLANG_WARN_BLOCK_CAPTURE_AUTORELEASING = YES;
				CLANG_WARN_BOOL_CONVERSION = YES;
				CLANG_WARN_COMMA = YES;
				CLANG_WARN_CONSTANT_CONVERSION = YES;
				CLANG_WARN_DEPRECATED_OBJC_IMPLEMENTATIONS = YES;
				CLANG_WARN_DIRECT_OBJC_ISA_USAGE = YES_ERROR;
				CLANG_WARN_DOCUMENTATION_COMMENTS = YES;
				CLANG_WARN_EMPTY_BODY = YES;
				CLANG_WARN_ENUM_CONVERSION = YES;
				CLANG_WARN_INFINITE_RECURSION = YES;
				CLANG_WARN_INT_CONVERSION = YES;
				CLANG_WARN_NON_LITERAL_NULL_CONVERSION = YES;
				CLANG_WARN_OBJC_IMPLICIT_RETAIN_SELF = YES;
				CLANG_WARN_OBJC_LITERAL_CONVERSION = YES;
				CLANG_WARN_OBJC_ROOT_CLASS = YES_ERROR;
				CLANG_WARN_QUOTED_INCLUDE_IN_FRAMEWORK_HEADER = YES;
				CLANG_WARN_RANGE_LOOP_ANALYSIS = YES;
				CLANG_WARN_STRICT_PROTOTYPES = YES;
				CLANG_WARN_SUSPICIOUS_MOVE = YES;
				CLANG_WARN_UNGUARDED_AVAILABILITY = YES_AGGRESSIVE;
				CLANG_WARN_UNREACHABLE_CODE = YES;
				CLANG_WARN__DUPLICATE_METHOD_MATCH = YES;
				COPY_PHASE_STRIP = NO;
				DEBUG_INFORMATION_FORMAT = dwarf;
				ENABLE_STRICT_OBJC_MSGSEND = YES;
				ENABLE_TESTABILITY = YES;
				ENABLE_USER_SCRIPT_SANDBOXING = YES;
				GCC_C_LANGUAGE_STANDARD = gnu17;
				GCC_DYNAMIC_NO_PIC = NO;
				GCC_NO_COMMON_BLOCKS = YES;
				GCC_OPTIMIZATION_LEVEL = 0;
				GCC_PREPROCESSOR_DEFINITIONS = (
					"DEBUG=1",
					"$(inherited)",
				);
				GCC_WARN_64_TO_32_BIT_CONVERSION = YES;
				GCC_WARN_ABOUT_RETURN_TYPE = YES_ERROR;
				GCC_WARN_UNDECLARED_SELECTOR = YES;
				GCC_WARN_UNINITIALIZED_AUTOS = YES_AGGRESSIVE;
				GCC_WARN_UNUSED_FUNCTION = YES;
				GCC_WARN_UNUSED_VARIABLE = YES;
				LOCALIZATION_PREFERS_STRING_CATALOGS = YES;
				MACOSX_DEPLOYMENT_TARGET = 26.0;
				MTL_ENABLE_DEBUG_INFO = INCLUDE_SOURCE;
				MTL_FAST_MATH = YES;
				ONLY_ACTIVE_ARCH = YES;
				SDKROOT = macosx;
				SWIFT_ACTIVE_COMPILATION_CONDITIONS = "DEBUG $(inherited)";
				SWIFT_OPTIMIZATION_LEVEL = "-Onone";
				SWIFT_STRICT_CONCURRENCY = complete;
				SWIFT_VERSION = 6.0;
			};
			name = Debug;
		};
		FEC578FB3035B033008DDEFA /* Release configuration for PBXProject "Calenda" */ = {
			isa = XCBuildConfiguration;
			buildSettings = {
				ALWAYS_SEARCH_USER_PATHS = NO;
				ASSETCATALOG_COMPILER_GENERATE_SWIFT_ASSET_SYMBOL_EXTENSIONS = YES;
				CLANG_ANALYZER_NONNULL = YES;
				CLANG_ANALYZER_NUMBER_OBJECT_CONVERSION = YES_AGGRESSIVE;
				CLANG_CXX_LANGUAGE_STANDARD = "gnu++20";
				CLANG_ENABLE_MODULES = YES;
				CLANG_ENABLE_OBJC_ARC = YES;
				CLANG_ENABLE_OBJC_WEAK = YES;
				CLANG_WARN_BLOCK_CAPTURE_AUTORELEASING = YES;
				CLANG_WARN_BOOL_CONVERSION = YES;
				CLANG_WARN_COMMA = YES;
				CLANG_WARN_CONSTANT_CONVERSION = YES;
				CLANG_WARN_DEPRECATED_OBJC_IMPLEMENTATIONS = YES;
				CLANG_WARN_DIRECT_OBJC_ISA_USAGE = YES_ERROR;
				CLANG_WARN_DOCUMENTATION_COMMENTS = YES;
				CLANG_WARN_EMPTY_BODY = YES;
				CLANG_WARN_ENUM_CONVERSION = YES;
				CLANG_WARN_INFINITE_RECURSION = YES;
				CLANG_WARN_INT_CONVERSION = YES;
				CLANG_WARN_NON_LITERAL_NULL_CONVERSION = YES;
				CLANG_WARN_OBJC_IMPLICIT_RETAIN_SELF = YES;
				CLANG_WARN_OBJC_LITERAL_CONVERSION = YES;
				CLANG_WARN_OBJC_ROOT_CLASS = YES_ERROR;
				CLANG_WARN_QUOTED_INCLUDE_IN_FRAMEWORK_HEADER = YES;
				CLANG_WARN_RANGE_LOOP_ANALYSIS = YES;
				CLANG_WARN_STRICT_PROTOTYPES = YES;
				CLANG_WARN_SUSPICIOUS_MOVE = YES;
				CLANG_WARN_UNGUARDED_AVAILABILITY = YES_AGGRESSIVE;
				CLANG_WARN_UNREACHABLE_CODE = YES;
				CLANG_WARN__DUPLICATE_METHOD_MATCH = YES;
				COPY_PHASE_STRIP = NO;
				DEBUG_INFORMATION_FORMAT = "dwarf-with-dsym";
				ENABLE_NS_ASSERTIONS = NO;
				ENABLE_STRICT_OBJC_MSGSEND = YES;
				ENABLE_USER_SCRIPT_SANDBOXING = YES;
				GCC_C_LANGUAGE_STANDARD = gnu17;
				GCC_NO_COMMON_BLOCKS = YES;
				GCC_WARN_64_TO_32_BIT_CONVERSION = YES;
				GCC_WARN_ABOUT_RETURN_TYPE = YES_ERROR;
				GCC_WARN_UNDECLARED_SELECTOR = YES;
				GCC_WARN_UNINITIALIZED_AUTOS = YES_AGGRESSIVE;
				GCC_WARN_UNUSED_FUNCTION = YES;
				GCC_WARN_UNUSED_VARIABLE = YES;
				LOCALIZATION_PREFERS_STRING_CATALOGS = YES;
				MACOSX_DEPLOYMENT_TARGET = 26.0;
				MTL_ENABLE_DEBUG_INFO = NO;
				MTL_FAST_MATH = YES;
				SDKROOT = macosx;
				SWIFT_COMPILATION_MODE = wholemodule;
				SWIFT_STRICT_CONCURRENCY = complete;
				SWIFT_VERSION = 6.0;
			};
			name = Release;
		};
		FEC578FD3035B033008DDEFA /* Debug configuration for PBXNativeTarget "Calenda" */ = {
			isa = XCBuildConfiguration;
			buildSettings = {
				ASSETCATALOG_COMPILER_APPICON_NAME = AppIcon;
				ASSETCATALOG_COMPILER_GLOBAL_ACCENT_COLOR_NAME = AccentColor;
				CODE_SIGN_ENTITLEMENTS = Calenda/Calenda.entitlements;
				CODE_SIGN_STYLE = Automatic;
				COMBINE_HIDPI_IMAGES = YES;
				CURRENT_PROJECT_VERSION = 1;
				ENABLE_APP_SANDBOX = YES;
				ENABLE_PREVIEWS = YES;
				GENERATE_INFOPLIST_FILE = YES;
				INFOPLIST_KEY_LSUIElement = YES;
				INFOPLIST_KEY_NSHumanReadableCopyright = "";
				INFOPLIST_KEY_NSLocationWhenInUseUsageDescription = "仅用于查询本地天气";
				LD_RUNPATH_SEARCH_PATHS = (
					"$(inherited)",
					"@executable_path/../Frameworks",
				);
				MARKETING_VERSION = 1.0;
				PRODUCT_BUNDLE_IDENTIFIER = com.atticore.Calenda;
				PRODUCT_NAME = "$(TARGET_NAME)";
				STRING_CATALOG_GENERATE_SYMBOLS = YES;
				SWIFT_APPROACHABLE_CONCURRENCY = YES;
				SWIFT_DEFAULT_ACTOR_ISOLATION = MainActor;
				SWIFT_EMIT_LOC_STRINGS = YES;
				SWIFT_STRICT_CONCURRENCY = complete;
				SWIFT_UPCOMING_FEATURE_MEMBER_IMPORT_VISIBILITY = YES;
				SWIFT_VERSION = 6.0;
			};
			name = Debug;
		};
		FEC578FE3035B033008DDEFA /* Release configuration for PBXNativeTarget "Calenda" */ = {
			isa = XCBuildConfiguration;
			buildSettings = {
				ASSETCATALOG_COMPILER_APPICON_NAME = AppIcon;
				ASSETCATALOG_COMPILER_GLOBAL_ACCENT_COLOR_NAME = AccentColor;
				CODE_SIGN_ENTITLEMENTS = Calenda/Calenda.entitlements;
				CODE_SIGN_STYLE = Automatic;
				COMBINE_HIDPI_IMAGES = YES;
				CURRENT_PROJECT_VERSION = 1;
				ENABLE_APP_SANDBOX = YES;
				ENABLE_PREVIEWS = YES;
				GENERATE_INFOPLIST_FILE = YES;
				INFOPLIST_KEY_LSUIElement = YES;
				INFOPLIST_KEY_NSHumanReadableCopyright = "";
				INFOPLIST_KEY_NSLocationWhenInUseUsageDescription = "仅用于查询本地天气";
				LD_RUNPATH_SEARCH_PATHS = (
					"$(inherited)",
					"@executable_path/../Frameworks",
				);
				MARKETING_VERSION = 1.0;
				PRODUCT_BUNDLE_IDENTIFIER = com.atticore.Calenda;
				PRODUCT_NAME = "$(TARGET_NAME)";
				STRING_CATALOG_GENERATE_SYMBOLS = YES;
				SWIFT_APPROACHABLE_CONCURRENCY = YES;
				SWIFT_DEFAULT_ACTOR_ISOLATION = MainActor;
				SWIFT_EMIT_LOC_STRINGS = YES;
				SWIFT_STRICT_CONCURRENCY = complete;
				SWIFT_UPCOMING_FEATURE_MEMBER_IMPORT_VISIBILITY = YES;
				SWIFT_VERSION = 6.0;
			};
			name = Release;
		};
		FEC579003035B033008DDEFA /* Debug configuration for PBXNativeTarget "CalendaTests" */ = {
			isa = XCBuildConfiguration;
			buildSettings = {
				BUNDLE_LOADER = "$(TEST_HOST)";
				CODE_SIGN_STYLE = Automatic;
				CURRENT_PROJECT_VERSION = 1;
				GENERATE_INFOPLIST_FILE = YES;
				MACOSX_DEPLOYMENT_TARGET = 26.0;
				MARKETING_VERSION = 1.0;
				PRODUCT_BUNDLE_IDENTIFIER = com.atticore.CalendaTests;
				PRODUCT_NAME = "$(TARGET_NAME)";
				STRING_CATALOG_GENERATE_SYMBOLS = NO;
				SWIFT_APPROACHABLE_CONCURRENCY = YES;
				SWIFT_EMIT_LOC_STRINGS = NO;
				SWIFT_STRICT_CONCURRENCY = complete;
				SWIFT_UPCOMING_FEATURE_MEMBER_IMPORT_VISIBILITY = YES;
				SWIFT_VERSION = 6.0;
				TEST_HOST = "$(BUILT_PRODUCTS_DIR)/Calenda.app/$(BUNDLE_EXECUTABLE_FOLDER_PATH)/Calenda";
			};
			name = Debug;
		};
		FEC579013035B033008DDEFA /* Release configuration for PBXNativeTarget "CalendaTests" */ = {
			isa = XCBuildConfiguration;
			buildSettings = {
				BUNDLE_LOADER = "$(TEST_HOST)";
				CODE_SIGN_STYLE = Automatic;
				CURRENT_PROJECT_VERSION = 1;
				GENERATE_INFOPLIST_FILE = YES;
				MACOSX_DEPLOYMENT_TARGET = 26.0;
				MARKETING_VERSION = 1.0;
				PRODUCT_BUNDLE_IDENTIFIER = com.atticore.CalendaTests;
				PRODUCT_NAME = "$(TARGET_NAME)";
				STRING_CATALOG_GENERATE_SYMBOLS = NO;
				SWIFT_APPROACHABLE_CONCURRENCY = YES;
				SWIFT_EMIT_LOC_STRINGS = NO;
				SWIFT_STRICT_CONCURRENCY = complete;
				SWIFT_UPCOMING_FEATURE_MEMBER_IMPORT_VISIBILITY = YES;
				SWIFT_VERSION = 6.0;
				TEST_HOST = "$(BUILT_PRODUCTS_DIR)/Calenda.app/$(BUNDLE_EXECUTABLE_FOLDER_PATH)/Calenda";
			};
			name = Release;
		};
		FEC579033035B033008DDEFA /* Debug configuration for PBXNativeTarget "CalendaUITests" */ = {
			isa = XCBuildConfiguration;
			buildSettings = {
				CODE_SIGN_STYLE = Automatic;
				CURRENT_PROJECT_VERSION = 1;
				GENERATE_INFOPLIST_FILE = YES;
				MARKETING_VERSION = 1.0;
				PRODUCT_BUNDLE_IDENTIFIER = com.atticore.CalendaUITests;
				PRODUCT_NAME = "$(TARGET_NAME)";
				STRING_CATALOG_GENERATE_SYMBOLS = NO;
				SWIFT_APPROACHABLE_CONCURRENCY = YES;
				SWIFT_EMIT_LOC_STRINGS = NO;
				SWIFT_STRICT_CONCURRENCY = complete;
				SWIFT_UPCOMING_FEATURE_MEMBER_IMPORT_VISIBILITY = YES;
				SWIFT_VERSION = 6.0;
				TEST_TARGET_NAME = Calenda;
			};
			name = Debug;
		};
		FEC579043035B033008DDEFA /* Release configuration for PBXNativeTarget "CalendaUITests" */ = {
			isa = XCBuildConfiguration;
			buildSettings = {
				CODE_SIGN_STYLE = Automatic;
				CURRENT_PROJECT_VERSION = 1;
				GENERATE_INFOPLIST_FILE = YES;
				MARKETING_VERSION = 1.0;
				PRODUCT_BUNDLE_IDENTIFIER = com.atticore.CalendaUITests;
				PRODUCT_NAME = "$(TARGET_NAME)";
				STRING_CATALOG_GENERATE_SYMBOLS = NO;
				SWIFT_APPROACHABLE_CONCURRENCY = YES;
				SWIFT_EMIT_LOC_STRINGS = NO;
				SWIFT_STRICT_CONCURRENCY = complete;
				SWIFT_UPCOMING_FEATURE_MEMBER_IMPORT_VISIBILITY = YES;
				SWIFT_VERSION = 6.0;
				TEST_TARGET_NAME = Calenda;
			};
			name = Release;
		};
/* End XCBuildConfiguration section */

/* Begin XCConfigurationList section */
		FEC578D83035B030008DDEFA /* Build configuration list for PBXProject "Calenda" */ = {
			isa = XCConfigurationList;
			buildConfigurations = (
				FEC578FA3035B033008DDEFA /* Debug configuration for PBXProject "Calenda" */,
				FEC578FB3035B033008DDEFA /* Release configuration for PBXProject "Calenda" */,
			);
			defaultConfigurationName = Release;
		};
		FEC578FC3035B033008DDEFA /* Build configuration list for PBXNativeTarget "Calenda" */ = {
			isa = XCConfigurationList;
			buildConfigurations = (
				FEC578FD3035B033008DDEFA /* Debug configuration for PBXNativeTarget "Calenda" */,
				FEC578FE3035B033008DDEFA /* Release configuration for PBXNativeTarget "Calenda" */,
			);
			defaultConfigurationName = Release;
		};
		FEC578FF3035B033008DDEFA /* Build configuration list for PBXNativeTarget "CalendaTests" */ = {
			isa = XCConfigurationList;
			buildConfigurations = (
				FEC579003035B033008DDEFA /* Debug configuration for PBXNativeTarget "CalendaTests" */,
				FEC579013035B033008DDEFA /* Release configuration for PBXNativeTarget "CalendaTests" */,
			);
			defaultConfigurationName = Release;
		};
		FEC579023035B033008DDEFA /* Build configuration list for PBXNativeTarget "CalendaUITests" */ = {
			isa = XCConfigurationList;
			buildConfigurations = (
				FEC579033035B033008DDEFA /* Debug configuration for PBXNativeTarget "CalendaUITests" */,
				FEC579043035B033008DDEFA /* Release configuration for PBXNativeTarget "CalendaUITests" */,
			);
			defaultConfigurationName = Release;
		};
/* End XCConfigurationList section */

/* Begin XCRemoteSwiftPackageReference section */
		FE0A0002000000000000000A /* XCRemoteSwiftPackageReference "tyme4swift" */ = {
			isa = XCRemoteSwiftPackageReference;
			repositoryURL = "https://github.com/6tail/tyme4swift";
			requirement = {
				kind = exactVersion;
				version = 1.5.0;
			};
		};
/* End XCRemoteSwiftPackageReference section */

/* Begin XCSwiftPackageProductDependency section */
		FE0A0001000000000000000A /* Tyme4Swift */ = {
			isa = XCSwiftPackageProductDependency;
			package = FE0A0002000000000000000A /* XCRemoteSwiftPackageReference "tyme4swift" */;
			productName = Tyme4Swift;
		};
/* End XCSwiftPackageProductDependency section */
	};
	rootObject = FEC578D53035B030008DDEFA /* Project object */;
	validationLevel = 1;
}
